// !$*UTF8*$!
{
	archiveVersion = 1;
	classes = {
	};
	objectVersion = 77;
	objects = {

/* Begin PBXBuildFile section */
		9645847A2DBAAB0A00AD6B80 /* thumbnail@2x.png in Resources */ = {isa = PBXBuildFile; fileRef = 964584792DBAAB0A00AD6B80 /* thumbnail@2x.png */; };
		9645847B2DBAAB0A00AD6B80 /* thumbnail.png in Resources */ = {isa = PBXBuildFile; fileRef = 964584782DBAAB0A00AD6B80 /* thumbnail.png */; };
		9656BC2F2DBA92E8004AC1A8 /* background.mp4 in Resources */ = {isa = PBXBuildFile; fileRef = 9656BC2C2DBA92E8004AC1A8 /* background.mp4 */; };
		9656BC302DBA92E8004AC1A8 /* Gentium.ttf in Resources */ = {isa = PBXBuildFile; fileRef = 9656BC2D2DBA92E8004AC1A8 /* Gentium.ttf */; };
		965BE6922DB7C8BA0039A2B4 /* ScreenSaver.framework in Frameworks */ = {isa = PBXBuildFile; fileRef = 965BE6912DB7C8BA0039A2B4 /* ScreenSaver.framework */; };
		968BD3A52DBA3E32006BE062 /* AVFoundation.framework in Frameworks */ = {isa = PBXBuildFile; fileRef = 968BD3A42DBA3E32006BE062 /* AVFoundation.framework */; };
/* End PBXBuildFile section */

/* Begin PBXFileReference section */
		964584782DBAAB0A00AD6B80 /* thumbnail.png */ = {isa = PBXFileReference; lastKnownFileType = image.png; path = thumbnail.png; sourceTree = "<group>"; };
		964584792DBAAB0A00AD6B80 /* thumbnail@2x.png */ = {isa = PBXFileReference; lastKnownFileType = image.png; path = "thumbnail@2x.png"; sourceTree = "<group>"; };
		9656BC2C2DBA92E8004AC1A8 /* background.mp4 */ = {isa = PBXFileReference; lastKnownFileType = file; path = background.mp4; sourceTree = "<group>"; };
		9656BC2D2DBA92E8004AC1A8 /* Gentium.ttf */ = {isa = PBXFileReference; lastKnownFileType = file; path = Gentium.ttf; sourceTree = "<group>"; };
		965BE6912DB7C8BA0039A2B4 /* ScreenSaver.framework */ = {isa = PBXFileReference; lastKnownFileType = wrapper.framework; name = ScreenSaver.framework; path = System/Library/Frameworks/ScreenSaver.framework; sourceTree = SDKROOT; };
		968BD3A42DBA3E32006BE062 /* AVFoundation.framework */ = {isa = PBXFileReference; lastKnownFileType = wrapper.framework; name = AVFoundation.framework; path = System/Library/Frameworks/AVFoundation.framework; sourceTree = SDKROOT; };
		96AA0C292DAE61B5006D598A /* Start Now.saver */ = {isa = PBXFileReference; explicitFileType = wrapper.cfbundle; includeInIndex = 0; path = "Start Now.saver"; sourceTree = BUILT_PRODUCTS_DIR; };
		C68C16C64A762CBD7BA26D06 /* libPods-Start Now.a */ = {isa = PBXFileReference; explicitFileType = archive.ar; includeInIndex = 0; path = "libPods-Start Now.a"; sourceTree = BUILT_PRODUCTS_DIR; };
/* End PBXFileReference section */

/* Begin PBXFileSystemSynchronizedRootGroup section */
		96AA0C2B2DAE61B5006D598A /* Start Now */ = {
			isa = PBXFileSystemSynchronizedRootGroup;
			path = "Start Now";
			sourceTree = "<group>";
		};
/* End PBXFileSystemSynchronizedRootGroup section */

/* Begin PBXFrameworksBuildPhase section */
		96AA0C262DAE61B5006D598A /* Frameworks */ = {
			isa = PBXFrameworksBuildPhase;
			buildActionMask = 2147483647;
			files = (
				968BD3A52DBA3E32006BE062 /* AVFoundation.framework in Frameworks */,
				965BE6922DB7C8BA0039A2B4 /* ScreenSaver.framework in Frameworks */,
			);
			runOnlyForDeploymentPostprocessing = 0;
		};
/* End PBXFrameworksBuildPhase section */

/* Begin PBXGroup section */
		9656BC2E2DBA92E8004AC1A8 /* Resources */ = {
			isa = PBXGroup;
			children = (
				9656BC2C2DBA92E8004AC1A8 /* background.mp4 */,
				9656BC2D2DBA92E8004AC1A8 /* Gentium.ttf */,
			);
			path = Resources;
			sourceTree = "<group>";
		};
		965BE6902DB7C8BA0039A2B4 /* Frameworks */ = {
			isa = PBXGroup;
			children = (
				968BD3A42DBA3E32006BE062 /* AVFoundation.framework */,
				965BE6912DB7C8BA0039A2B4 /* ScreenSaver.framework */,
				C68C16C64A762CBD7BA26D06 /* libPods-Start Now.a */,
			);
			name = Frameworks;
			sourceTree = "<group>";
		};
		96AA0C1F2DAE61B5006D598A = {
			isa = PBXGroup;
			children = (
				964584782DBAAB0A00AD6B80 /* thumbnail.png */,
				964584792DBAAB0A00AD6B80 /* thumbnail@2x.png */,
				96AA0C2B2DAE61B5006D598A /* Start Now */,
				965BE6902DB7C8BA0039A2B4 /* Frameworks */,
				96AA0C2A2DAE61B5006D598A /* Products */,
				9656BC2E2DBA92E8004AC1A8 /* Resources */,
			);
			sourceTree = "<group>";
		};
		96AA0C2A2DAE61B5006D598A /* Products */ = {
			isa = PBXGroup;
			children = (
				96AA0C292DAE61B5006D598A /* Start Now.saver */,
			);
			name = Products;
			sourceTree = "<group>";
		};
/* End PBXGroup section */

/* Begin PBXHeadersBuildPhase section */
		96AA0C242DAE61B5006D598A /* Headers */ = {
			isa = PBXHeadersBuildPhase;
			buildActionMask = 2147483647;
			files = (
			);
			runOnlyForDeploymentPostprocessing = 0;
		};
/* End PBXHeadersBuildPhase section */

/* Begin PBXNativeTarget section */
		96AA0C282DAE61B5006D598A /* Start Now */ = {
			isa = PBXNativeTarget;
			buildConfigurationList = 96AA0C322DAE61B5006D598A /* Build configuration list for PBXNativeTarget "Start Now" */;
			buildPhases = (
				9654501B2DB7D29700003B34 /* ShellScript */,
				96AA0C242DAE61B5006D598A /* Headers */,
				96AA0C252DAE61B5006D598A /* Sources */,
				96AA0C262DAE61B5006D598A /* Frameworks */,
				96AA0C272DAE61B5006D598A /* Resources */,
				965450172DB7CDFE00003B34 /* ShellScript */,
			);
			buildRules = (
			);
			dependencies = (
			);
			fileSystemSynchronizedGroups = (
				96AA0C2B2DAE61B5006D598A /* Start Now */,
			);
			name = "Start Now";
			productName = "Start Now";
			productReference = 96AA0C292DAE61B5006D598A /* Start Now.saver */;
			productType = "com.apple.product-type.bundle";
		};
/* End PBXNativeTarget section */

/* Begin PBXProject section */
		96AA0C202DAE61B5006D598A /* Project object */ = {
			isa = PBXProject;
			attributes = {
				BuildIndependentTargetsInParallel = 1;
				LastUpgradeCheck = 1630;
				TargetAttributes = {
					96AA0C282DAE61B5006D598A = {
						CreatedOnToolsVersion = 16.3;
					};
				};
			};
			buildConfigurationList = 96AA0C232DAE61B5006D598A /* Build configuration list for PBXProject "Start Now" */;
			developmentRegion = en;
			hasScannedForEncodings = 0;
			knownRegions = (
				en,
				Base,
			);
			mainGroup = 96AA0C1F2DAE61B5006D598A;
			minimizedProjectReferenceProxies = 1;
			preferredProjectObjectVersion = 77;
			productRefGroup = 96AA0C2A2DAE61B5006D598A /* Products */;
			projectDirPath = "";
			projectRoot = "";
			targets = (
				96AA0C282DAE61B5006D598A /* Start Now */,
			);
		};
/* End PBXProject section */

/* Begin PBXResourcesBuildPhase section */
		96AA0C272DAE61B5006D598A /* Resources */ = {
			isa = PBXResourcesBuildPhase;
			buildActionMask = 2147483647;
			files = (
				9645847A2DBAAB0A00AD6B80 /* thumbnail@2x.png in Resources */,
				9645847B2DBAAB0A00AD6B80 /* thumbnail.png in Resources */,
				9656BC2F2DBA92E8004AC1A8 /* background.mp4 in Resources */,
				9656BC302DBA92E8004AC1A8 /* Gentium.ttf in Resources */,
			);
			runOnlyForDeploymentPostprocessing = 0;
		};
/* End PBXResourcesBuildPhase section */

/* Begin PBXShellScriptBuildPhase section */
		965450172DB7CDFE00003B34 /* ShellScript */ = {
			isa = PBXShellScriptBuildPhase;
			buildActionMask = 2147483647;
			files = (
			);
			inputFileListPaths = (
			);
			inputPaths = (
			);
			outputFileListPaths = (
			);
			outputPaths = (
			);
			runOnlyForDeploymentPostprocessing = 0;
			shellPath = /bin/sh;
			shellScript = "# 确保目标目录存在\nmkdir -p \"$HOME/Library/Screen Savers\"\n\n# 仅当构建成功并且文件存在时才复制\nif [ -d \"${BUILT_PRODUCTS_DIR}/Start Now.saver\" ]; then\n    cp -Rf \"${BUILT_PRODUCTS_DIR}/Start Now.saver\" \"$HOME/Library/Screen Savers/\"\n    echo \"Screen saver installed successfully\"\nelse\n    echo \"Warning: Built screen saver not found\"\nfi\n";
		};
		9654501B2DB7D29700003B34 /* ShellScript */ = {
			isa = PBXShellScriptBuildPhase;
			buildActionMask = 2147483647;
			files = (
			);
			inputFileListPaths = (
			);
			inputPaths = (
			);
			outputFileListPaths = (
			);
			outputPaths = (
			);
			runOnlyForDeploymentPostprocessing = 0;
			shellPath = /bin/sh;
			shellScript = "# 安全地关闭屏保引擎（如果正在运行）\nif pgrep \"ScreenSaverEngine\" > /dev/null; then\n    killall ScreenSaverEngine\nfi\n\n# 等待进程完全退出\nsleep 1\n\n# 安全地删除旧的屏保文件（如果存在）\nif [ -d \"$HOME/Library/Screen Savers/Start Now.saver\" ]; then\n    rm -rf \"$HOME/Library/Screen Savers/Start Now.saver\"\nfi\n";
		};
/* End PBXShellScriptBuildPhase section */

/* Begin PBXSourcesBuildPhase section */
		96AA0C252DAE61B5006D598A /* Sources */ = {
			isa = PBXSourcesBuildPhase;
			buildActionMask = 2147483647;
			files = (
			);
			runOnlyForDeploymentPostprocessing = 0;
		};
/* End PBXSourcesBuildPhase section */

/* Begin XCBuildConfiguration section */
		96AA0C302DAE61B5006D598A /* Debug */ = {
			isa = XCBuildConfiguration;
			buildSettings = {
				ALWAYS_SEARCH_USER_PATHS = NO;
				ASSETCATALOG_COMPILER_GENERATE_SWIFT_ASSET_SYMBOL_EXTENSIONS = YES;
				CLANG_ANALYZER_NONNULL = YES;
				CLANG_ANALYZER_NUMBER_OBJECT_CONVERSION = YES_AGGRESSIVE;
				CLANG_CXX_LANGUAGE_STANDARD = "gnu++20";
				CLANG_ENABLE_MODULES = YES;
				CLANG_ENABLE_OBJC_ARC = YES;
				CLANG_ENABLE_OBJC_WEAK = YES;
				CLANG_WARN_BLOCK_CAPTURE_AUTORELEASING = YES;
				CLANG_WARN_BOOL_CONVERSION = YES;
				CLANG_WARN_COMMA = YES;
				CLANG_WARN_CONSTANT_CONVERSION = YES;
				CLANG_WARN_DEPRECATED_OBJC_IMPLEMENTATIONS = YES;
				CLANG_WARN_DIRECT_OBJC_ISA_USAGE = YES_ERROR;
				CLANG_WARN_DOCUMENTATION_COMMENTS = YES;
				CLANG_WARN_EMPTY_BODY = YES;
				CLANG_WARN_ENUM_CONVERSION = YES;
				CLANG_WARN_INFINITE_RECURSION = YES;
				CLANG_WARN_INT_CONVERSION = YES;
				CLANG_WARN_NON_LITERAL_NULL_CONVERSION = YES;
				CLANG_WARN_OBJC_IMPLICIT_RETAIN_SELF = YES;
				CLANG_WARN_OBJC_LITERAL_CONVERSION = YES;
				CLANG_WARN_OBJC_ROOT_CLASS = YES_ERROR;
				CLANG_WARN_QUOTED_INCLUDE_IN_FRAMEWORK_HEADER = YES;
				CLANG_WARN_RANGE_LOOP_ANALYSIS = YES;
				CLANG_WARN_STRICT_PROTOTYPES = YES;
				CLANG_WARN_SUSPICIOUS_MOVE = YES;
				CLANG_WARN_UNGUARDED_AVAILABILITY = YES_AGGRESSIVE;
				CLANG_WARN_UNREACHABLE_CODE = YES;
				CLANG_WARN__DUPLICATE_METHOD_MATCH = YES;
				COPY_PHASE_STRIP = NO;
				DEBUG_INFORMATION_FORMAT = dwarf;
				DEVELOPMENT_TEAM = X6WT9YRNVA;
				ENABLE_STRICT_OBJC_MSGSEND = YES;
				ENABLE_TESTABILITY = YES;
				ENABLE_USER_SCRIPT_SANDBOXING = YES;
				GCC_C_LANGUAGE_STANDARD = gnu17;
				GCC_DYNAMIC_NO_PIC = NO;
				GCC_NO_COMMON_BLOCKS = YES;
				GCC_OPTIMIZATION_LEVEL = 0;
				GCC_PREPROCESSOR_DEFINITIONS = (
					"DEBUG=1",
					"$(inherited)",
				);
				GCC_WARN_64_TO_32_BIT_CONVERSION = YES;
				GCC_WARN_ABOUT_RETURN_TYPE = YES_ERROR;
				GCC_WARN_UNDECLARED_SELECTOR = YES;
				GCC_WARN_UNINITIALIZED_AUTOS = YES_AGGRESSIVE;
				GCC_WARN_UNUSED_FUNCTION = YES;
				GCC_WARN_UNUSED_VARIABLE = YES;
				LOCALIZATION_PREFERS_STRING_CATALOGS = YES;
				MACOSX_DEPLOYMENT_TARGET = 15.4;
				MTL_ENABLE_DEBUG_INFO = INCLUDE_SOURCE;
				MTL_FAST_MATH = YES;
				ONLY_ACTIVE_ARCH = YES;
				SDKROOT = macosx;
			};
			name = Debug;
		};
		96AA0C312DAE61B5006D598A /* Release */ = {
			isa = XCBuildConfiguration;
			buildSettings = {
				ALWAYS_SEARCH_USER_PATHS = NO;
				ASSETCATALOG_COMPILER_GENERATE_SWIFT_ASSET_SYMBOL_EXTENSIONS = YES;
				CLANG_ANALYZER_NONNULL = YES;
				CLANG_ANALYZER_NUMBER_OBJECT_CONVERSION = YES_AGGRESSIVE;
				CLANG_CXX_LANGUAGE_STANDARD = "gnu++20";
				CLANG_ENABLE_MODULES = YES;
				CLANG_ENABLE_OBJC_ARC = YES;
				CLANG_ENABLE_OBJC_WEAK = YES;
				CLANG_WARN_BLOCK_CAPTURE_AUTORELEASING = YES;
				CLANG_WARN_BOOL_CONVERSION = YES;
				CLANG_WARN_COMMA = YES;
				CLANG_WARN_CONSTANT_CONVERSION = YES;
				CLANG_WARN_DEPRECATED_OBJC_IMPLEMENTATIONS = YES;
				CLANG_WARN_DIRECT_OBJC_ISA_USAGE = YES_ERROR;
				CLANG_WARN_DOCUMENTATION_COMMENTS = YES;
				CLANG_WARN_EMPTY_BODY = YES;
				CLANG_WARN_ENUM_CONVERSION = YES;
				CLANG_WARN_INFINITE_RECURSION = YES;
				CLANG_WARN_INT_CONVERSION = YES;
				CLANG_WARN_NON_LITERAL_NULL_CONVERSION = YES;
				CLANG_WARN_OBJC_IMPLICIT_RETAIN_SELF = YES;
				CLANG_WARN_OBJC_LITERAL_CONVERSION = YES;
				CLANG_WARN_OBJC_ROOT_CLASS = YES_ERROR;
				CLANG_WARN_QUOTED_INCLUDE_IN_FRAMEWORK_HEADER = YES;
				CLANG_WARN_RANGE_LOOP_ANALYSIS = YES;
				CLANG_WARN_STRICT_PROTOTYPES = YES;
				CLANG_WARN_SUSPICIOUS_MOVE = YES;
				CLANG_WARN_UNGUARDED_AVAILABILITY = YES_AGGRESSIVE;
				CLANG_WARN_UNREACHABLE_CODE = YES;
				CLANG_WARN__DUPLICATE_METHOD_MATCH = YES;
				COPY_PHASE_STRIP = NO;
				DEBUG_INFORMATION_FORMAT = "dwarf-with-dsym";
				DEVELOPMENT_TEAM = X6WT9YRNVA;
				ENABLE_NS_ASSERTIONS = NO;
				ENABLE_STRICT_OBJC_MSGSEND = YES;
				ENABLE_USER_SCRIPT_SANDBOXING = YES;
				GCC_C_LANGUAGE_STANDARD = gnu17;
				GCC_NO_COMMON_BLOCKS = YES;
				GCC_WARN_64_TO_32_BIT_CONVERSION = YES;
				GCC_WARN_ABOUT_RETURN_TYPE = YES_ERROR;
				GCC_WARN_UNDECLARED_SELECTOR = YES;
				GCC_WARN_UNINITIALIZED_AUTOS = YES_AGGRESSIVE;
				GCC_WARN_UNUSED_FUNCTION = YES;
				GCC_WARN_UNUSED_VARIABLE = YES;
				LOCALIZATION_PREFERS_STRING_CATALOGS = YES;
				MACOSX_DEPLOYMENT_TARGET = 15.4;
				MTL_ENABLE_DEBUG_INFO = NO;
				MTL_FAST_MATH = YES;
				SDKROOT = macosx;
			};
			name = Release;
		};
		96AA0C332DAE61B5006D598A /* Debug */ = {
			isa = XCBuildConfiguration;
			buildSettings = {
				CODE_SIGN_STYLE = Automatic;
				COMBINE_HIDPI_IMAGES = YES;
				CURRENT_PROJECT_VERSION = 1;
				DEPLOYMENT_LOCATION = YES;
				DEVELOPMENT_TEAM = X6WT9YRNVA;
				GENERATE_INFOPLIST_FILE = YES;
				HEADER_SEARCH_PATHS = "$(inherited)";
				INFOPLIST_FILE = "Start-Now-Info.plist";
				INFOPLIST_KEY_CFBundleDisplayName = "Start Now Screensaver";
				INFOPLIST_KEY_NSHumanReadableCopyright = "";
				INFOPLIST_KEY_NSPrincipalClass = Start_NowView;
				INSTALL_PATH = "$(HOME)/Library/Screen Savers";
				MACOSX_DEPLOYMENT_TARGET = 11.5;
				MARKETING_VERSION = 1.0;
				OTHER_LDFLAGS = (
					"-Xlinker",
					"-interposable",
				);
				"OTHER_LDFLAGS[arch=*]" = "";
				PRODUCT_BUNDLE_IDENTIFIER = "Polytime.Start-Now";
				PRODUCT_NAME = "$(TARGET_NAME)";
				SWIFT_EMIT_LOC_STRINGS = YES;
				WRAPPER_EXTENSION = saver;
			};
			name = Debug;
		};
		96AA0C342DAE61B5006D598A /* Release */ = {
			isa = XCBuildConfiguration;
			buildSettings = {
				CODE_SIGN_STYLE = Automatic;
				COMBINE_HIDPI_IMAGES = YES;
				CURRENT_PROJECT_VERSION = 1;
				DEPLOYMENT_LOCATION = YES;
				DEVELOPMENT_TEAM = X6WT9YRNVA;
				GENERATE_INFOPLIST_FILE = YES;
				HEADER_SEARCH_PATHS = "$(inherited)";
				INFOPLIST_FILE = "Start-Now-Info.plist";
				INFOPLIST_KEY_CFBundleDisplayName = "Start Now Screensaver";
				INFOPLIST_KEY_NSHumanReadableCopyright = "";
				INFOPLIST_KEY_NSPrincipalClass = Start_NowView;
				INSTALL_PATH = "$(HOME)/Library/Screen Savers";
				MACOSX_DEPLOYMENT_TARGET = 11.5;
				MARKETING_VERSION = 1.0;
				OTHER_LDFLAGS = "";
				PRODUCT_BUNDLE_IDENTIFIER = "Polytime.Start-Now";
				PRODUCT_NAME = "$(TARGET_NAME)";
				SWIFT_EMIT_LOC_STRINGS = YES;
				WRAPPER_EXTENSION = saver;
			};
			name = Release;
		};
/* End XCBuildConfiguration section */

/* Begin XCConfigurationList section */
		96AA0C232DAE61B5006D598A /* Build configuration list for PBXProject "Start Now" */ = {
			isa = XCConfigurationList;
			buildConfigurations = (
				96AA0C302DAE61B5006D598A /* Debug */,
				96AA0C312DAE61B5006D598A /* Release */,
			);
			defaultConfigurationIsVisible = 0;
			defaultConfigurationName = Release;
		};
		96AA0C322DAE61B5006D598A /* Build configuration list for PBXNativeTarget "Start Now" */ = {
			isa = XCConfigurationList;
			buildConfigurations = (
				96AA0C332DAE61B5006D598A /* Debug */,
				96AA0C342DAE61B5006D598A /* Release */,
			);
			defaultConfigurationIsVisible = 0;
			defaultConfigurationName = Release;
		};
/* End XCConfigurationList section */
	};
	rootObject = 96AA0C202DAE61B5006D598A /* Project object */;
}
